
Microsoft Visual Studio Solution File, Format Version 12.00
# Visual Studio 15
VisualStudioVersion = 15.0.27004.2005
MinimumVisualStudioVersion = 10.0.40219.1
Project("{FAE04EC0-301F-11D3-BF4B-00C04F79EFBC}") = "Data clustering", "Data clustering\Data clustering.csproj", "{4C63745B-42FD-4BC4-B8AD-86857ADABA2A}"
EndProject
Global
	GlobalSection(SolutionConfigurationPlatforms) = preSolution
		Debug|Any CPU = Debug|Any CPU
		Release|Any CPU = Release|Any CPU
	EndGlobalSection
	GlobalSection(ProjectConfigurationPlatforms) = postSolution
		{4C63745B-42FD-4BC4-B8AD-86857ADABA2A}.Debug|Any CPU.ActiveCfg = Debug|Any CPU
		{4C63745B-42FD-4BC4-B8AD-86857ADABA2A}.Debug|Any CPU.Build.0 = Debug|Any CPU
		{4C63745B-42FD-4BC4-B8AD-86857ADABA2A}.Release|Any CPU.ActiveCfg = Release|Any CPU
		{4C63745B-42FD-4BC4-B8AD-86857ADABA2A}.Release|Any CPU.Build.0 = Release|Any CPU
	EndGlobalSection
	GlobalSection(SolutionProperties) = preSolution
		HideSolutionNode = FALSE
	EndGlobalSection
	GlobalSection(ExtensibilityGlobals) = postSolution
		SolutionGuid = {B85AF743-88B1-4659-8EA3-482C15AA8FC9}
	EndGlobalSection
EndGlobal
